
Microsoft Visual Studio Solution File, Format Version 12.00
# Visual Studio 15
VisualStudioVersion = 15.0.28010.2050
MinimumVisualStudioVersion = 10.0.40219.1
Project("{FAE04EC0-301F-11D3-BF4B-00C04F79EFBC}") = "XAMARIN.BMI2.Android", "XAMARIN.BMI2\XAMARIN.BMI2.Android\XAMARIN.BMI2.Android.csproj", "{2266AD04-5D11-49E5-8646-39010BEA32EF}"
EndProject
Project("{FAE04EC0-301F-11D3-BF4B-00C04F79EFBC}") = "XAMARIN.BMI2.iOS", "XAMARIN.BMI2\XAMARIN.BMI2.iOS\XAMARIN.BMI2.iOS.csproj", "{4439AFBF-054D-49B7-8DBD-513058EEBF8A}"
EndProject
Project("{FAE04EC0-301F-11D3-BF4B-00C04F79EFBC}") = "XAMARIN.BMI2", "XAMARIN.BMI2\XAMARIN.BMI2\XAMARIN.BMI2.csproj", "{69723CB9-F937-40CA-A849-ED3953E561F2}"
EndProject
Global
	GlobalSection(SolutionConfigurationPlatforms) = preSolution
		Ad-Hoc|Any CPU = Ad-Hoc|Any CPU
		Ad-Hoc|iPhone = Ad-Hoc|iPhone
		Ad-Hoc|iPhoneSimulator = Ad-Hoc|iPhoneSimulator
		AppStore|Any CPU = AppStore|Any CPU
		AppStore|iPhone = AppStore|iPhone
		AppStore|iPhoneSimulator = AppStore|iPhoneSimulator
		Debug|Any CPU = Debug|Any CPU
		Debug|iPhone = Debug|iPhone
		Debug|iPhoneSimulator = Debug|iPhoneSimulator
		Release|Any CPU = Release|Any CPU
		Release|iPhone = Release|iPhone
		Release|iPhoneSimulator = Release|iPhoneSimulator
	EndGlobalSection
	GlobalSection(ProjectConfigurationPlatforms) = postSolution
		{2266AD04-5D11-49E5-8646-39010BEA32EF}.Ad-Hoc|Any CPU.ActiveCfg = Release|Any CPU
		{2266AD04-5D11-49E5-8646-39010BEA32EF}.Ad-Hoc|Any CPU.Build.0 = Release|Any CPU
		{2266AD04-5D11-49E5-8646-39010BEA32EF}.Ad-Hoc|Any CPU.Deploy.0 = Release|Any CPU
		{2266AD04-5D11-49E5-8646-39010BEA32EF}.Ad-Hoc|iPhone.ActiveCfg = Release|Any CPU
		{2266AD04-5D11-49E5-8646-39010BEA32EF}.Ad-Hoc|iPhone.Build.0 = Release|Any CPU
		{2266AD04-5D11-49E5-8646-39010BEA32EF}.Ad-Hoc|iPhone.Deploy.0 = Release|Any CPU
		{2266AD04-5D11-49E5-8646-39010BEA32EF}.Ad-Hoc|iPhoneSimulator.ActiveCfg = Release|Any CPU
		{2266AD04-5D11-49E5-8646-39010BEA32EF}.Ad-Hoc|iPhoneSimulator.Build.0 = Release|Any CPU
		{2266AD04-5D11-49E5-8646-39010BEA32EF}.Ad-Hoc|iPhoneSimulator.Deploy.0 = Release|Any CPU
		{2266AD04-5D11-49E5-8646-39010BEA32EF}.AppStore|Any CPU.ActiveCfg = Release|Any CPU
		{2266AD04-5D11-49E5-8646-39010BEA32EF}.AppStore|Any CPU.Build.0 = Release|Any CPU
		{2266AD04-5D11-49E5-8646-39010BEA32EF}.AppStore|Any CPU.Deploy.0 = Release|Any CPU
		{2266AD04-5D11-49E5-8646-39010BEA32EF}.AppStore|iPhone.ActiveCfg = Release|Any CPU
		{2266AD04-5D11-49E5-8646-39010BEA32EF}.AppStore|iPhone.Build.0 = Release|Any CPU
		{2266AD04-5D11-49E5-8646-39010BEA32EF}.AppStore|iPhone.Deploy.0 = Release|Any CPU
		{2266AD04-5D11-49E5-8646-39010BEA32EF}.AppStore|iPhoneSimulator.ActiveCfg = Release|Any CPU
		{2266AD04-5D11-49E5-8646-39010BEA32EF}.AppStore|iPhoneSimulator.Build.0 = Release|Any CPU
		{2266AD04-5D11-49E5-8646-39010BEA32EF}.AppStore|iPhoneSimulator.Deploy.0 = Release|Any CPU
		{2266AD04-5D11-49E5-8646-39010BEA32EF}.Debug|Any CPU.ActiveCfg = Debug|Any CPU
		{2266AD04-5D11-49E5-8646-39010BEA32EF}.Debug|Any CPU.Build.0 = Debug|Any CPU
		{2266AD04-5D11-49E5-8646-39010BEA32EF}.Debug|Any CPU.Deploy.0 = Debug|Any CPU
		{2266AD04-5D11-49E5-8646-39010BEA32EF}.Debug|iPhone.ActiveCfg = Debug|Any CPU
		{2266AD04-5D11-49E5-8646-39010BEA32EF}.Debug|iPhone.Build.0 = Debug|Any CPU
		{2266AD04-5D11-49E5-8646-39010BEA32EF}.Debug|iPhone.Deploy.0 = Debug|Any CPU
		{2266AD04-5D11-49E5-8646-39010BEA32EF}.Debug|iPhoneSimulator.ActiveCfg = Debug|Any CPU
		{2266AD04-5D11-49E5-8646-39010BEA32EF}.Debug|iPhoneSimulator.Build.0 = Debug|Any CPU
		{2266AD04-5D11-49E5-8646-39010BEA32EF}.Debug|iPhoneSimulator.Deploy.0 = Debug|Any CPU
		{2266AD04-5D11-49E5-8646-39010BEA32EF}.Release|Any CPU.ActiveCfg = Release|Any CPU
		{2266AD04-5D11-49E5-8646-39010BEA32EF}.Release|Any CPU.Build.0 = Release|Any CPU
		{2266AD04-5D11-49E5-8646-39010BEA32EF}.Release|Any CPU.Deploy.0 = Release|Any CPU
		{2266AD04-5D11-49E5-8646-39010BEA32EF}.Release|iPhone.ActiveCfg = Release|Any CPU
		{2266AD04-5D11-49E5-8646-39010BEA32EF}.Release|iPhone.Build.0 = Release|Any CPU
		{2266AD04-5D11-49E5-8646-39010BEA32EF}.Release|iPhone.Deploy.0 = Release|Any CPU
		{2266AD04-5D11-49E5-8646-39010BEA32EF}.Release|iPhoneSimulator.ActiveCfg = Release|Any CPU
		{2266AD04-5D11-49E5-8646-39010BEA32EF}.Release|iPhoneSimulator.Build.0 = Release|Any CPU
		{2266AD04-5D11-49E5-8646-39010BEA32EF}.Release|iPhoneSimulator.Deploy.0 = Release|Any CPU
		{4439AFBF-054D-49B7-8DBD-513058EEBF8A}.Ad-Hoc|Any CPU.ActiveCfg = Ad-Hoc|iPhone
		{4439AFBF-054D-49B7-8DBD-513058EEBF8A}.Ad-Hoc|Any CPU.Build.0 = Ad-Hoc|iPhone
		{4439AFBF-054D-49B7-8DBD-513058EEBF8A}.Ad-Hoc|Any CPU.Deploy.0 = Ad-Hoc|iPhone
		{4439AFBF-054D-49B7-8DBD-513058EEBF8A}.Ad-Hoc|iPhone.ActiveCfg = Ad-Hoc|iPhone
		{4439AFBF-054D-49B7-8DBD-513058EEBF8A}.Ad-Hoc|iPhone.Build.0 = Ad-Hoc|iPhone
		{4439AFBF-054D-49B7-8DBD-513058EEBF8A}.Ad-Hoc|iPhone.Deploy.0 = Ad-Hoc|iPhone
		{4439AFBF-054D-49B7-8DBD-513058EEBF8A}.Ad-Hoc|iPhoneSimulator.ActiveCfg = Ad-Hoc|iPhoneSimulator
		{4439AFBF-054D-49B7-8DBD-513058EEBF8A}.Ad-Hoc|iPhoneSimulator.Build.0 = Ad-Hoc|iPhoneSimulator
		{4439AFBF-054D-49B7-8DBD-513058EEBF8A}.Ad-Hoc|iPhoneSimulator.Deploy.0 = Ad-Hoc|iPhoneSimulator
		{4439AFBF-054D-49B7-8DBD-513058EEBF8A}.AppStore|Any CPU.ActiveCfg = AppStore|iPhone
		{4439AFBF-054D-49B7-8DBD-513058EEBF8A}.AppStore|Any CPU.Build.0 = AppStore|iPhone
		{4439AFBF-054D-49B7-8DBD-513058EEBF8A}.AppStore|Any CPU.Deploy.0 = AppStore|iPhone
		{4439AFBF-054D-49B7-8DBD-513058EEBF8A}.AppStore|iPhone.ActiveCfg = AppStore|iPhone
		{4439AFBF-054D-49B7-8DBD-513058EEBF8A}.AppStore|iPhone.Build.0 = AppStore|iPhone
		{4439AFBF-054D-49B7-8DBD-513058EEBF8A}.AppStore|iPhone.Deploy.0 = AppStore|iPhone
		{4439AFBF-054D-49B7-8DBD-513058EEBF8A}.AppStore|iPhoneSimulator.ActiveCfg = AppStore|iPhoneSimulator
		{4439AFBF-054D-49B7-8DBD-513058EEBF8A}.AppStore|iPhoneSimulator.Build.0 = AppStore|iPhoneSimulator
		{4439AFBF-054D-49B7-8DBD-513058EEBF8A}.AppStore|iPhoneSimulator.Deploy.0 = AppStore|iPhoneSimulator
		{4439AFBF-054D-49B7-8DBD-513058EEBF8A}.Debug|Any CPU.ActiveCfg = Debug|iPhoneSimulator
		{4439AFBF-054D-49B7-8DBD-513058EEBF8A}.Debug|Any CPU.Build.0 = Debug|iPhoneSimulator
		{4439AFBF-054D-49B7-8DBD-513058EEBF8A}.Debug|Any CPU.Deploy.0 = Debug|iPhoneSimulator
		{4439AFBF-054D-49B7-8DBD-513058EEBF8A}.Debug|iPhone.ActiveCfg = Debug|iPhone
		{4439AFBF-054D-49B7-8DBD-513058EEBF8A}.Debug|iPhone.Build.0 = Debug|iPhone
		{4439AFBF-054D-49B7-8DBD-513058EEBF8A}.Debug|iPhone.Deploy.0 = Debug|iPhone
		{4439AFBF-054D-49B7-8DBD-513058EEBF8A}.Debug|iPhoneSimulator.ActiveCfg = Debug|iPhoneSimulator
		{4439AFBF-054D-49B7-8DBD-513058EEBF8A}.Debug|iPhoneSimulator.Build.0 = Debug|iPhoneSimulator
		{4439AFBF-054D-49B7-8DBD-513058EEBF8A}.Debug|iPhoneSimulator.Deploy.0 = Debug|iPhoneSimulator
		{4439AFBF-054D-49B7-8DBD-513058EEBF8A}.Release|Any CPU.ActiveCfg = Release|iPhone
		{4439AFBF-054D-49B7-8DBD-513058EEBF8A}.Release|Any CPU.Build.0 = Release|iPhone
		{4439AFBF-054D-49B7-8DBD-513058EEBF8A}.Release|Any CPU.Deploy.0 = Release|iPhone
		{4439AFBF-054D-49B7-8DBD-513058EEBF8A}.Release|iPhone.ActiveCfg = Release|iPhone
		{4439AFBF-054D-49B7-8DBD-513058EEBF8A}.Release|iPhone.Build.0 = Release|iPhone
		{4439AFBF-054D-49B7-8DBD-513058EEBF8A}.Release|iPhone.Deploy.0 = Release|iPhone
		{4439AFBF-054D-49B7-8DBD-513058EEBF8A}.Release|iPhoneSimulator.ActiveCfg = Release|iPhoneSimulator
		{4439AFBF-054D-49B7-8DBD-513058EEBF8A}.Release|iPhoneSimulator.Build.0 = Release|iPhoneSimulator
		{4439AFBF-054D-49B7-8DBD-513058EEBF8A}.Release|iPhoneSimulator.Deploy.0 = Release|iPhoneSimulator
		{69723CB9-F937-40CA-A849-ED3953E561F2}.Ad-Hoc|Any CPU.ActiveCfg = Debug|Any CPU
		{69723CB9-F937-40CA-A849-ED3953E561F2}.Ad-Hoc|Any CPU.Build.0 = Debug|Any CPU
		{69723CB9-F937-40CA-A849-ED3953E561F2}.Ad-Hoc|Any CPU.Deploy.0 = Debug|Any CPU
		{69723CB9-F937-40CA-A849-ED3953E561F2}.Ad-Hoc|iPhone.ActiveCfg = Debug|Any CPU
		{69723CB9-F937-40CA-A849-ED3953E561F2}.Ad-Hoc|iPhone.Build.0 = Debug|Any CPU
		{69723CB9-F937-40CA-A849-ED3953E561F2}.Ad-Hoc|iPhone.Deploy.0 = Debug|Any CPU
		{69723CB9-F937-40CA-A849-ED3953E561F2}.Ad-Hoc|iPhoneSimulator.ActiveCfg = Debug|Any CPU
		{69723CB9-F937-40CA-A849-ED3953E561F2}.Ad-Hoc|iPhoneSimulator.Build.0 = Debug|Any CPU
		{69723CB9-F937-40CA-A849-ED3953E561F2}.Ad-Hoc|iPhoneSimulator.Deploy.0 = Debug|Any CPU
		{69723CB9-F937-40CA-A849-ED3953E561F2}.AppStore|Any CPU.ActiveCfg = Debug|Any CPU
		{69723CB9-F937-40CA-A849-ED3953E561F2}.AppStore|Any CPU.Build.0 = Debug|Any CPU
		{69723CB9-F937-40CA-A849-ED3953E561F2}.AppStore|Any CPU.Deploy.0 = Debug|Any CPU
		{69723CB9-F937-40CA-A849-ED3953E561F2}.AppStore|iPhone.ActiveCfg = Debug|Any CPU
		{69723CB9-F937-40CA-A849-ED3953E561F2}.AppStore|iPhone.Build.0 = Debug|Any CPU
		{69723CB9-F937-40CA-A849-ED3953E561F2}.AppStore|iPhone.Deploy.0 = Debug|Any CPU
		{69723CB9-F937-40CA-A849-ED3953E561F2}.AppStore|iPhoneSimulator.ActiveCfg = Debug|Any CPU
		{69723CB9-F937-40CA-A849-ED3953E561F2}.AppStore|iPhoneSimulator.Build.0 = Debug|Any CPU
		{69723CB9-F937-40CA-A849-ED3953E561F2}.AppStore|iPhoneSimulator.Deploy.0 = Debug|Any CPU
		{69723CB9-F937-40CA-A849-ED3953E561F2}.Debug|Any CPU.ActiveCfg = Debug|Any CPU
		{69723CB9-F937-40CA-A849-ED3953E561F2}.Debug|Any CPU.Build.0 = Debug|Any CPU
		{69723CB9-F937-40CA-A849-ED3953E561F2}.Debug|Any CPU.Deploy.0 = Debug|Any CPU
		{69723CB9-F937-40CA-A849-ED3953E561F2}.Debug|iPhone.ActiveCfg = Debug|Any CPU
		{69723CB9-F937-40CA-A849-ED3953E561F2}.Debug|iPhone.Build.0 = Debug|Any CPU
		{69723CB9-F937-40CA-A849-ED3953E561F2}.Debug|iPhone.Deploy.0 = Debug|Any CPU
		{69723CB9-F937-40CA-A849-ED3953E561F2}.Debug|iPhoneSimulator.ActiveCfg = Debug|Any CPU
		{69723CB9-F937-40CA-A849-ED3953E561F2}.Debug|iPhoneSimulator.Build.0 = Debug|Any CPU
		{69723CB9-F937-40CA-A849-ED3953E561F2}.Debug|iPhoneSimulator.Deploy.0 = Debug|Any CPU
		{69723CB9-F937-40CA-A849-ED3953E561F2}.Release|Any CPU.ActiveCfg = Release|Any CPU
		{69723CB9-F937-40CA-A849-ED3953E561F2}.Release|Any CPU.Build.0 = Release|Any CPU
		{69723CB9-F937-40CA-A849-ED3953E561F2}.Release|Any CPU.Deploy.0 = Release|Any CPU
		{69723CB9-F937-40CA-A849-ED3953E561F2}.Release|iPhone.ActiveCfg = Release|Any CPU
		{69723CB9-F937-40CA-A849-ED3953E561F2}.Release|iPhone.Build.0 = Release|Any CPU
		{69723CB9-F937-40CA-A849-ED3953E561F2}.Release|iPhone.Deploy.0 = Release|Any CPU
		{69723CB9-F937-40CA-A849-ED3953E561F2}.Release|iPhoneSimulator.ActiveCfg = Release|Any CPU
		{69723CB9-F937-40CA-A849-ED3953E561F2}.Release|iPhoneSimulator.Build.0 = Release|Any CPU
		{69723CB9-F937-40CA-A849-ED3953E561F2}.Release|iPhoneSimulator.Deploy.0 = Release|Any CPU
	EndGlobalSection
	GlobalSection(SolutionProperties) = preSolution
		HideSolutionNode = FALSE
	EndGlobalSection
	GlobalSection(ExtensibilityGlobals) = postSolution
		SolutionGuid = {5D245688-4B63-4B37-9470-C1DC99D5AC86}
	EndGlobalSection
EndGlobal
